
Microsoft Visual Studio Solution File, Format Version 11.00
# Visual Studio 2010
Project("{FAE04EC0-301F-11D3-BF4B-00C04F79EFBC}") = "UniRx", "UniRx.csproj", "{D1042A2F-783A-F667-B771-7C60DC974517}"
EndProject
Project("{FAE04EC0-301F-11D3-BF4B-00C04F79EFBC}") = "Assembly-CSharp", "Assembly-CSharp.csproj", "{F7A71654-F08F-7586-92C6-B02BFD682755}"
EndProject
Project("{FAE04EC0-301F-11D3-BF4B-00C04F79EFBC}") = "UniRx.Examples", "UniRx.Examples.csproj", "{614330D6-D442-FF0C-0943-12ABCFDC55D4}"
EndProject
Project("{FAE04EC0-301F-11D3-BF4B-00C04F79EFBC}") = "Assembly-CSharp-firstpass", "Assembly-CSharp-firstpass.csproj", "{918D51FB-1BBB-B8B9-7F68-E0CBD6176C81}"
EndProject
Global
	GlobalSection(SolutionConfigurationPlatforms) = preSolution
		Debug|Any CPU = Debug|Any CPU
		Release|Any CPU = Release|Any CPU
	EndGlobalSection
	GlobalSection(ProjectConfigurationPlatforms) = postSolution
		{D1042A2F-783A-F667-B771-7C60DC974517}.Debug|Any CPU.ActiveCfg = Debug|Any CPU
		{D1042A2F-783A-F667-B771-7C60DC974517}.Debug|Any CPU.Build.0 = Debug|Any CPU
		{D1042A2F-783A-F667-B771-7C60DC974517}.Release|Any CPU.ActiveCfg = Release|Any CPU
		{D1042A2F-783A-F667-B771-7C60DC974517}.Release|Any CPU.Build.0 = Release|Any CPU
		{F7A71654-F08F-7586-92C6-B02BFD682755}.Debug|Any CPU.ActiveCfg = Debug|Any CPU
		{F7A71654-F08F-7586-92C6-B02BFD682755}.Debug|Any CPU.Build.0 = Debug|Any CPU
		{F7A71654-F08F-7586-92C6-B02BFD682755}.Release|Any CPU.ActiveCfg = Release|Any CPU
		{F7A71654-F08F-7586-92C6-B02BFD682755}.Release|Any CPU.Build.0 = Release|Any CPU
		{614330D6-D442-FF0C-0943-12ABCFDC55D4}.Debug|Any CPU.ActiveCfg = Debug|Any CPU
		{614330D6-D442-FF0C-0943-12ABCFDC55D4}.Debug|Any CPU.Build.0 = Debug|Any CPU
		{614330D6-D442-FF0C-0943-12ABCFDC55D4}.Release|Any CPU.ActiveCfg = Release|Any CPU
		{614330D6-D442-FF0C-0943-12ABCFDC55D4}.Release|Any CPU.Build.0 = Release|Any CPU
		{918D51FB-1BBB-B8B9-7F68-E0CBD6176C81}.Debug|Any CPU.ActiveCfg = Debug|Any CPU
		{918D51FB-1BBB-B8B9-7F68-E0CBD6176C81}.Debug|Any CPU.Build.0 = Debug|Any CPU
		{918D51FB-1BBB-B8B9-7F68-E0CBD6176C81}.Release|Any CPU.ActiveCfg = Release|Any CPU
		{918D51FB-1BBB-B8B9-7F68-E0CBD6176C81}.Release|Any CPU.Build.0 = Release|Any CPU
	EndGlobalSection
	GlobalSection(SolutionProperties) = preSolution
		HideSolutionNode = FALSE
	EndGlobalSection
EndGlobal
